
Microsoft Visual Studio Solution File, Format Version 12.00
# Visual Studio Version 16
VisualStudioVersion = 16.0.29613.14
MinimumVisualStudioVersion = 10.0.40219.1
Project("{FAE04EC0-301F-11D3-BF4B-00C04F79EFBC}") = "ContosoUniversity", "ContosoUniversity.csproj", "{91658D0D-764B-4E4E-AF49-E438232F0D12}"
EndProject
Global
	GlobalSection(SolutionConfigurationPlatforms) = preSolution
		Debug|Any CPU = Debug|Any CPU
		Release|Any CPU = Release|Any CPU
	EndGlobalSection
	GlobalSection(ProjectConfigurationPlatforms) = postSolution
		{91658D0D-764B-4E4E-AF49-E438232F0D12}.Debug|Any CPU.ActiveCfg = Debug|Any CPU
		{91658D0D-764B-4E4E-AF49-E438232F0D12}.Debug|Any CPU.Build.0 = Debug|Any CPU
		{91658D0D-764B-4E4E-AF49-E438232F0D12}.Release|Any CPU.ActiveCfg = Release|Any CPU
		{91658D0D-764B-4E4E-AF49-E438232F0D12}.Release|Any CPU.Build.0 = Release|Any CPU
	EndGlobalSection
	GlobalSection(SolutionProperties) = preSolution
		HideSolutionNode = FALSE
	EndGlobalSection
	GlobalSection(ExtensibilityGlobals) = postSolution
		SolutionGuid = {77619347-F42A-4A0F-9DA2-1ECD978B94D5}
	EndGlobalSection
EndGlobal
